hash: 37fdce0af81141dd7bb3382da227b489fcffce2d0868302fa1412686f6dd4028
updated: 2018-01-05T13:27:44.005120694+01:00
imports:
- name: github.com/abbot/go-http-auth
  version: efc9484eee77263a11f158ef4f30fcc30298a942
- name: github.com/beorn7/perks
  version: 4c0e84591b9aa9e6dcfdf3e020114cd81f89d5f9
  subpackages:
  - quantile
- name: github.com/cjoudrey/gluahttp
  version: b4bfe0c50fea948dcbf3966e120996d6607bbd89
- name: github.com/cjoudrey/gluaurl
  version: 31cbb9bef199454415879f2e6d609d1136d60cad
- name: github.com/dimfeld/httppath
  version: ee938bf735983d53694d79138ad9820efff94c92
- name: github.com/golang/protobuf
  version: 1e59b77b52bf8e4b449a57e6f79f21226d571845
  subpackages:
  - proto
- name: github.com/matttproud/golang_protobuf_extensions
  version: c12348ce28de40eed0136aa2b644d0ee0650e56c
  subpackages:
  - pbutil
- name: github.com/oklog/ulid
  version: d311cb43c92434ec4072dfbbda3400741d0a6337
- name: github.com/opentracing/opentracing-go
  version: 1361b9cd60be79c4c3a7fa9841b3c132e40066a7
  subpackages:
  - ext
  - log
- name: github.com/prometheus/client_golang
  version: 967789050ba94deca04a5e84cce8ad472ce313c1
  subpackages:
  - prometheus
  - prometheus/promhttp
- name: github.com/prometheus/client_model
  version: 99fa1f4be8e564e8a6b613da7fa6f46c9edafc6c
  subpackages:
  - go
- name: github.com/prometheus/common
  version: 2e54d0b93cba2fd133edc32211dcc32c06ef72ca
  subpackages:
  - expfmt
  - internal/bitbucket.org/ww/goautoneg
  - model
- name: github.com/prometheus/procfs
  version: b15cd069a83443be3154b719d0cc9fe8117f09fb
  subpackages:
  - xfs
- name: github.com/rcrowley/go-metrics
  version: e181e095bae94582363434144c61a9653aff6e50
- name: github.com/sirupsen/logrus
  version: d682213848ed68c0a260ca37d6dd5ace8423f5ba
- name: github.com/sony/gobreaker
  version: 3cb67c77c1d1e72fda30c6970578164d24f806b6
- name: github.com/szuecs/rate-limit-buffer
  version: 1a179ab26baf3b8450aaaa662e3120155fadb39d
- name: github.com/yuin/gopher-lua
  version: 478861c8ce6e8c2f16d5984d5ed30c4327c70437
  subpackages:
  - ast
  - parse
  - pm
- name: github.com/zalando/skipper
  version: 6bfba8444807cfde9faca5b076b83c333fb5362c
  subpackages:
  - circuit
  - dataclients/kubernetes
  - dataclients/routestring
  - eskip
  - eskipfile
  - etcd
  - filters
  - filters/auth
  - filters/builtin
  - filters/circuit
  - filters/cookie
  - filters/diag
  - filters/filtertest
  - filters/flowid
  - filters/ratelimit
  - filters/serve
  - filters/tee
  - innkeeper
  - logging
  - metrics
  - net
  - oauth
  - pathmux
  - predicates
  - predicates/cookie
  - predicates/interval
  - predicates/query
  - predicates/source
  - predicates/traffic
  - proxy
  - ratelimit
  - routing
  - script
  - script/base64
  - tracing
- name: golang.org/x/crypto
  version: 0fcca4842a8d74bfddc2c96a073bd2a4d2a7a2e8
  subpackages:
  - bcrypt
  - blowfish
  - ssh/terminal
- name: golang.org/x/net
  version: 42fe2e1c20de1054d3d30f82cc9fb5b41e2e3767
  subpackages:
  - context
- name: golang.org/x/sys
  version: a3f2cbd54cf5dfe3fbaccf76375fdb12f67654c8
  subpackages:
  - unix
  - windows
- name: gopkg.in/h2non/bimg.v1
  version: 02e621739c77c791d8c153f240b7a1f75b07816f
- name: layeh.com/gopher-json
  version: 1aab82196e3b418b56866938f28b6a693f2c6b18
testImports:
- name: github.com/davecgh/go-spew
  version: ecdeabc65495df2dec95d7c4a4c3e021903035e5
  subpackages:
  - spew
- name: github.com/pmezard/go-difflib
  version: 792786c7400a136282c1664665ae0a8db921c6c2
  subpackages:
  - difflib
- name: github.com/stretchr/testify
  version: 87b1dfb5b2fa649f52695dd9eae19abe404a4308
  subpackages:
  - assert
