hash: 804d7e59ebc9b64b8a9a7ff1a392427307f19fba0c41e6490a79ccebf5578595
updated: 2018-10-19T17:06:22.678159+02:00
imports:
- name: github.com/abbot/go-http-auth
  version: 98f2d47741b68531e7326bfde42c66dc669e529d
- name: github.com/beorn7/perks
  version: 3a771d992973f24aa725d07868b467d1ddfceafb
  subpackages:
  - quantile
- name: github.com/cjoudrey/gluahttp
  version: 7065ce73b887f40cfa36eba8ae857cfbdb8ed78f
- name: github.com/cjoudrey/gluaurl
  version: 31cbb9bef199454415879f2e6d609d1136d60cad
- name: github.com/codahale/hdrhistogram
  version: 3a0bb77429bd3a61596f5e8a3172445844342120
- name: github.com/h2non/bimg
  version: d85e76c1cb5fffa8decea763e00d4fccd88f098a
- name: github.com/dimfeld/httppath
  version: ee938bf735983d53694d79138ad9820efff94c92
- name: github.com/gogo/protobuf
  version: fd322a3c49630fe6d05737e2b7d9426e6680e28d
  subpackages:
  - proto
- name: github.com/golang/protobuf
  version: ddf22928ea3c56eb4292a0adbbf5001b1e8e7d0d
  subpackages:
  - proto
  - protoc-gen-go/descriptor
  - ptypes
  - ptypes/any
  - ptypes/duration
  - ptypes/timestamp
- name: github.com/instana/golang-sensor
  version: 493edb42228321483dd4d59ade71ca93fa89d66b
- name: github.com/konsorten/go-windows-terminal-sequences
  version: 5c8c8bd35d3832f5d134ae1e1e375b69a4d25242
- name: github.com/lightstep/lightstep-tracer-go
  version: ca470d44936a9e0c101a869b42a21a1c4760f096
  subpackages:
  - collectorpb
  - lightstep/rand
  - lightstep_thrift
  - lightsteppb
  - thrift_0_9_2/lib/go/thrift
- name: github.com/looplab/fsm
  version: f980bdb68a8962823200eafe6c0aa99e917be0d7
- name: github.com/matttproud/golang_protobuf_extensions
  version: c12348ce28de40eed0136aa2b644d0ee0650e56c
  subpackages:
  - pbutil
- name: github.com/oklog/ulid
  version: f41f974e7fd381ab4f116d484f5df5a4ac7a41ba
- name: github.com/opentracing/basictracer-go
  version: 98b91394c2def4a44acff5e100538b4812f2f694
  subpackages:
  - wire
- name: github.com/opentracing/opentracing-go
  version: be550b025b433cdfa2f11efb962afa2ea3c4d967
  subpackages:
  - ext
  - log
- name: github.com/pkg/errors
  version: 645ef00459ed84a119197bfb8d8205042c6df63d
- name: github.com/prometheus/client_golang
  version: 1cafe34db7fdec6022e17e00e1c1ea501022f3e4
  subpackages:
  - prometheus
  - prometheus/internal
  - prometheus/promhttp
- name: github.com/prometheus/client_model
  version: 5c3871d89910bfb32f5fcab2aa4b9ec68e65a99f
  subpackages:
  - go
- name: github.com/prometheus/common
  version: 16b4535ad14a9ef20a9d9fd8055143c5faa15224
  subpackages:
  - expfmt
  - internal/bitbucket.org/ww/goautoneg
  - model
- name: github.com/prometheus/procfs
  version: 185b4288413d2a0dd0806f78c90dde719829e5ae
  subpackages:
  - internal/util
  - nfs
  - xfs
- name: github.com/rcrowley/go-metrics
  version: 3113b8401b8a98917cde58f8bbd42a1b1c03b1fd
- name: github.com/sirupsen/logrus
  version: 680f584d621da87ee04ea659130e149ba9d23cae
- name: github.com/sony/gobreaker
  version: b2a34562d02c4d5fd6645399c69e00141fb24e5a
- name: github.com/szuecs/rate-limit-buffer
  version: 31803efc118b980ff3a4ba8187820554ed30a775
- name: github.com/uber/jaeger-client-go
  version: 141bf44f5b094dc7b2b77f8dfc32d2b9b354ceba
  subpackages:
  - config
  - internal/baggage
  - internal/baggage/remote
  - internal/spanlog
  - internal/throttler
  - internal/throttler/remote
  - log
  - rpcmetrics
  - thrift
  - thrift-gen/agent
  - thrift-gen/baggage
  - thrift-gen/jaeger
  - thrift-gen/sampling
  - thrift-gen/zipkincore
  - transport
  - utils
- name: github.com/uber/jaeger-lib
  version: ed3a127ec5fef7ae9ea95b01b542c47fbd999ce5
  subpackages:
  - metrics
  - metrics/prometheus
- name: github.com/yuin/gopher-lua
  version: f6fcaab0c612d877d4140cbdf6966aed51e6eebd
  subpackages:
  - ast
  - parse
  - pm
- name: github.com/zalando/skipper
  version: f17e7edbd9989aaadbb2d691e11d9d8f31d1fd47
  subpackages:
  - circuit
  - dataclients/kubernetes
  - dataclients/routestring
  - eskip
  - eskipfile
  - etcd
  - filters
  - filters/accesslog
  - filters/auth
  - filters/builtin
  - filters/circuit
  - filters/cookie
  - filters/cors
  - filters/diag
  - filters/filtertest
  - filters/flowid
  - filters/log
  - filters/ratelimit
  - filters/serve
  - filters/tee
  - filters/tracing
  - innkeeper
  - loadbalancer
  - logging
  - metrics
  - net
  - oauth
  - pathmux
  - predicates
  - predicates/auth
  - predicates/cookie
  - predicates/interval
  - predicates/query
  - predicates/source
  - predicates/traffic
  - proxy
  - ratelimit
  - routing
  - script
  - script/base64
  - tracing
  - tracing/tracers/basic
  - tracing/tracers/instana
  - tracing/tracers/jaeger
  - tracing/tracers/lightstep
- name: golang.org/x/crypto
  version: 0c41d7ab0a0ee717d4590a44bcb987dfd9e183eb
  subpackages:
  - bcrypt
  - blowfish
  - ssh/terminal
- name: golang.org/x/net
  version: 04a2e542c03f1d053ab3e4d6e5abcd4b66e2be8e
  subpackages:
  - context
  - http/httpguts
  - http2
  - http2/hpack
  - idna
  - internal/timeseries
  - trace
- name: golang.org/x/sys
  version: 8f1d3d21f81be6e86ebcd6febee89c89bc50719f
  subpackages:
  - unix
  - windows
- name: golang.org/x/text
  version: 4d1c5fb19474adfe9562c9847ba425e7da817e81
  subpackages:
  - secure/bidirule
  - transform
  - unicode/bidi
  - unicode/norm
- name: google.golang.org/genproto
  version: 94acd270e44e65579b9ee3cdab25034d33fed608
  subpackages:
  - googleapis/api/annotations
  - googleapis/rpc/status
- name: google.golang.org/grpc
  version: 39444b99c097c9f53536ad8f16cd9f0288c7f695
  subpackages:
  - balancer
  - balancer/base
  - balancer/roundrobin
  - codes
  - connectivity
  - credentials
  - encoding
  - encoding/proto
  - grpclog
  - internal
  - internal/backoff
  - internal/channelz
  - internal/envconfig
  - internal/grpcrand
  - internal/transport
  - keepalive
  - metadata
  - naming
  - peer
  - resolver
  - resolver/dns
  - resolver/passthrough
  - stats
  - status
  - tap
- name: layeh.com/gopher-json
  version: d0a7d8b4c69aea3341d0131a64b59a6df9759be2
testImports:
- name: github.com/davecgh/go-spew
  version: d8f796af33cc11cb798c1aaeb27a4ebc5099927d
  subpackages:
  - spew
- name: github.com/pmezard/go-difflib
  version: 792786c7400a136282c1664665ae0a8db921c6c2
  subpackages:
  - difflib
- name: github.com/stretchr/testify
  version: 04af85275a5c7ac09d16bb3b9b2e751ed45154e5
  subpackages:
  - assert
